# This file is autogenerated, do not edit; changes may be undone by the next 'dep ensure'.


[[projects]]
  name = "github.com/Azure/azure-sdk-for-go"
  packages = [
    "storage",
    "version"
  ]
  revision = "7971189ecf5a584b9211f2527737f94bb979644e"
  version = "v17.4.0"

[[projects]]
  name = "github.com/Azure/go-autorest"
  packages = [
    "autorest",
    "autorest/adal",
    "autorest/azure",
    "autorest/date"
  ]
  revision = "f04d503958a4fe854c1b41667c73f8813c9dd9c3"
  version = "v10.11.2"

[[projects]]
  name = "github.com/aws/aws-sdk-go"
  packages = [
    "aws",
    "aws/awserr",
    "aws/awsutil",
    "aws/client",
    "aws/client/metadata",
    "aws/corehandlers",
    "aws/credentials",
    "aws/credentials/ec2rolecreds",
    "aws/credentials/endpointcreds",
    "aws/credentials/stscreds",
    "aws/csm",
    "aws/defaults",
    "aws/ec2metadata",
    "aws/endpoints",
    "aws/request",
    "aws/session",
    "aws/signer/v4",
    "internal/sdkio",
    "internal/sdkrand",
    "internal/shareddefaults",
    "private/protocol",
    "private/protocol/eventstream",
    "private/protocol/eventstream/eventstreamapi",
    "private/protocol/query",
    "private/protocol/query/queryutil",
    "private/protocol/rest",
    "private/protocol/restxml",
    "private/protocol/xml/xmlutil",
    "service/cloudfront/sign",
    "service/s3",
    "service/sts"
  ]
  revision = "e4805606f5138247510183050abe642344275ebd"
  version = "v1.14.10"

[[projects]]
  name = "github.com/beorn7/perks"
  packages = ["quantile"]
  revision = "4c0e84591b9aa9e6dcfdf3e020114cd81f89d5f9"

[[projects]]
  name = "github.com/bshuster-repo/logrus-logstash-hook"
  packages = ["."]
  revision = "dbc1e22735aa6ed7bd9579a407c17bc7c4a4e046"
  version = "v0.4.1"

[[projects]]
  name = "github.com/bugsnag/bugsnag-go"
  packages = [
    ".",
    "errors"
  ]
  revision = "f860f733c3d1c69181d9240eed266f94422fc99e"
  version = "v1.3.1"

[[projects]]
  branch = "master"
  name = "github.com/bugsnag/osext"
  packages = ["."]
  revision = "0dd3f918b21bec95ace9dc86c7e70266cfc5c702"

[[projects]]
  name = "github.com/bugsnag/panicwrap"
  packages = ["."]
  revision = "e2c28503fcd0675329da73bf48b33404db873782"

[[projects]]
  branch = "master"
  name = "github.com/denverdino/aliyungo"
  packages = [
    "common",
    "oss",
    "util"
  ]
  revision = "b03ba91556d7b2f278b5de86ccc1eadda00603d6"

[[projects]]
  name = "github.com/dgrijalva/jwt-go"
  packages = ["."]
  revision = "06ea1031745cb8b3dab3f6a236daf2b0aa468b7e"
  version = "v3.2.0"

[[projects]]
  branch = "master"
  name = "github.com/docker/go-metrics"
  packages = ["."]
  revision = "399ea8c73916000c64c2c76e8da00ca82f8387ab"

[[projects]]
  branch = "master"
  name = "github.com/docker/goamz"
  packages = [
    "aws",
    "s3"
  ]
  revision = "f0a21f5b2e12f83a505ecf79b633bb2035cf6f85"

[[projects]]
  name = "github.com/docker/libtrust"
  packages = ["."]
  revision = "fa567046d9b14f6aa788882a950d69651d230b21"

[[projects]]
  name = "github.com/garyburd/redigo"
  packages = [
    "internal",
    "redis"
  ]
  revision = "535138d7bcd717d6531c701ef5933d98b1866257"

[[projects]]
  name = "github.com/go-ini/ini"
  packages = ["."]
  revision = "06f5f3d67269ccec1fe5fe4134ba6e982984f7f5"
  version = "v1.37.0"

[[projects]]
  name = "github.com/golang/protobuf"
  packages = ["proto"]
  revision = "8d92cf5fc15a4382f8964b08e1f42a75c0591aa3"

[[projects]]
  name = "github.com/gorilla/context"
  packages = ["."]
  revision = "08b5f424b9271eedf6f9f0ce86cb9396ed337a42"
  version = "v1.1.1"

[[projects]]
  name = "github.com/gorilla/handlers"
  packages = ["."]
  revision = "60c7bfde3e33c201519a200a4507a158cc03a17b"

[[projects]]
  name = "github.com/gorilla/mux"
  packages = ["."]
  revision = "599cba5e7b6137d46ddf58fb1765f5d928e69604"

[[projects]]
  name = "github.com/inconshreveable/mousetrap"
  packages = ["."]
  revision = "76626ae9c91c4f2a10f34cad8ce83ea42c93bb75"
  version = "v1.0"

[[projects]]
  name = "github.com/jmespath/go-jmespath"
  packages = ["."]
  revision = "0b12d6b5"

[[projects]]
  name = "github.com/marstr/guid"
  packages = ["."]
  revision = "8bd9a64bf37eb297b492a4101fb28e80ac0b290f"
  version = "v1.1.0"

[[projects]]
  name = "github.com/matttproud/golang_protobuf_extensions"
  packages = ["pbutil"]
  revision = "c12348ce28de40eed0136aa2b644d0ee0650e56c"
  version = "v1.0.1"

[[projects]]
  name = "github.com/miekg/dns"
  packages = ["."]
  revision = "271c58e0c14f552178ea321a545ff9af38930f39"

[[projects]]
  name = "github.com/mitchellh/mapstructure"
  packages = ["."]
  revision = "482a9fd5fa83e8c4e7817413b80f3eb8feec03ef"

[[projects]]
  name = "github.com/ncw/swift"
  packages = [
    ".",
    "swifttest"
  ]
  revision = "b2a7479cf26fa841ff90dd932d0221cb5c50782d"
  version = "v1.0.39"

[[projects]]
  name = "github.com/opencontainers/go-digest"
  packages = ["."]
  revision = "a6d0ee40d4207ea02364bd3b9e8e77b9159ba1eb"

[[projects]]
  name = "github.com/prometheus/client_golang"
  packages = [
    "prometheus",
    "prometheus/promhttp"
  ]
  revision = "c332b6f63c0658a65eca15c0e5247ded801cf564"

[[projects]]
  branch = "master"
  name = "github.com/prometheus/client_model"
  packages = ["go"]
  revision = "99fa1f4be8e564e8a6b613da7fa6f46c9edafc6c"

[[projects]]
  name = "github.com/prometheus/common"
  packages = [
    "expfmt",
    "internal/bitbucket.org/ww/goautoneg",
    "model"
  ]
  revision = "89604d197083d4781071d3c65855d24ecfb0a563"

[[projects]]
  name = "github.com/prometheus/procfs"
  packages = [
    ".",
    "internal/util",
    "nfs",
    "xfs"
  ]
  revision = "cb4147076ac75738c9a7d279075a253c0cc5acbd"

[[projects]]
  name = "github.com/satori/go.uuid"
  packages = ["."]
  revision = "f58768cc1a7a7e77a3bd49e98cdd21419399b6a3"
  version = "v1.2.0"

[[projects]]
  name = "github.com/sirupsen/logrus"
  packages = ["."]
  revision = "3d4380f53a34dcdc95f0c1db702615992b38d9a4"

[[projects]]
  name = "github.com/spf13/cobra"
  packages = ["."]
  revision = "312092086bed4968099259622145a0c9ae280064"

[[projects]]
  name = "github.com/spf13/pflag"
  packages = ["."]
  revision = "5644820622454e71517561946e3d94b9f9db6842"

[[projects]]
  branch = "master"
  name = "github.com/stevvooe/resumable"
  packages = [
    ".",
    "sha256",
    "sha512"
  ]
  revision = "2aaf90b2ceea5072cb503ef2a620b08ff3119870"

[[projects]]
  name = "github.com/xenolf/lego"
  packages = ["acme"]
  revision = "a9d8cec0e6563575e5868a005359ac97911b5985"

[[projects]]
  name = "github.com/yvasiyarov/go-metrics"
  packages = ["."]
  revision = "57bccd1ccd43f94bb17fdd8bf3007059b802f85e"

[[projects]]
  name = "github.com/yvasiyarov/gorelic"
  packages = ["."]
  revision = "a9bba5b9ab508a086f9a12b8c51fab68478e2128"

[[projects]]
  name = "github.com/yvasiyarov/newrelic_platform_go"
  packages = ["."]
  revision = "b21fdbd4370f3717f3bbd2bf41c223bc273068e6"

[[projects]]
  name = "golang.org/x/crypto"
  packages = [
    "bcrypt",
    "blowfish",
    "ocsp"
  ]
  revision = "c10c31b5e94b6f7a0283272dc2bb27163dcea24b"

[[projects]]
  name = "golang.org/x/net"
  packages = [
    "context",
    "context/ctxhttp",
    "http2",
    "http2/hpack",
    "idna",
    "internal/timeseries",
    "publicsuffix",
    "trace"
  ]
  revision = "4876518f9e71663000c348837735820161a42df7"

[[projects]]
  name = "golang.org/x/oauth2"
  packages = [
    ".",
    "google",
    "internal",
    "jws",
    "jwt"
  ]
  revision = "045497edb6234273d67dbc25da3f2ddbc4c4cacf"

[[projects]]
  branch = "master"
  name = "golang.org/x/sys"
  packages = ["unix"]
  revision = "6c888cc515d3ed83fc103cf1d84468aad274b0a7"

[[projects]]
  name = "golang.org/x/time"
  packages = ["rate"]
  revision = "a4bde12657593d5e90d0533a3e4fd95e635124cb"

[[projects]]
  name = "google.golang.org/api"
  packages = [
    "gensupport",
    "googleapi",
    "googleapi/internal/uritemplates",
    "storage/v1"
  ]
  revision = "9bf6e6e569ff057f75d9604a46c52928f17d2b54"

[[projects]]
  name = "google.golang.org/appengine"
  packages = [
    ".",
    "internal",
    "internal/app_identity",
    "internal/base",
    "internal/datastore",
    "internal/log",
    "internal/modules",
    "internal/remote_api",
    "internal/urlfetch",
    "urlfetch"
  ]
  revision = "12d5545dc1cfa6047a286d5e853841b6471f4c19"

[[projects]]
  name = "google.golang.org/cloud"
  packages = [
    ".",
    "compute/metadata",
    "internal",
    "internal/opts",
    "storage"
  ]
  revision = "975617b05ea8a58727e6c1a06b6161ff4185a9f2"

[[projects]]
  name = "google.golang.org/grpc"
  packages = [
    ".",
    "codes",
    "credentials",
    "grpclog",
    "internal",
    "metadata",
    "naming",
    "peer",
    "transport"
  ]
  revision = "d3ddb4469d5a1b949fc7a7da7c1d6a0d1b6de994"

[[projects]]
  name = "gopkg.in/check.v1"
  packages = ["."]
  revision = "64131543e7896d5bcc6bd5a76287eb75ea96c673"

[[projects]]
  name = "gopkg.in/square/go-jose.v1"
  packages = [
    ".",
    "cipher",
    "json"
  ]
  revision = "40d457b439244b546f023d056628e5184136899b"
  version = "v1.0.1"

[[projects]]
  name = "gopkg.in/yaml.v2"
  packages = ["."]
  revision = "bef53efd0c76e49e6de55ead051f886bea7e9420"

[[projects]]
  branch = "update-acme-tls-sni-challenge"
  name = "rsc.io/letsencrypt"
  packages = ["."]
  revision = "e770c10b0f1a64775ae91d240407ce00d1a5bdeb"
  source = "https://github.com/dmcgowan/letsencrypt.git"

[solve-meta]
  analyzer-name = "dep"
  analyzer-version = 1
  inputs-digest = "4ebd4a11905f1ae6cbd9df71ccceecbbeb9b2ea795321b13ac0c25deb03d4134"
  solver-name = "gps-cdcl"
  solver-version = 1
